
Microsoft Visual Studio Solution File, Format Version 12.00
# Visual Studio 15
VisualStudioVersion = 15.0.26730.12
MinimumVisualStudioVersion = 10.0.40219.1
Project("{FAE04EC0-301F-11D3-BF4B-00C04F79EFBC}") = "Unit convertor", "Unit convertor\Unit convertor.csproj", "{DC40D3FD-602E-45FF-A347-F70E7D10ACCC}"
EndProject
Global
	GlobalSection(SolutionConfigurationPlatforms) = preSolution
		Debug|Any CPU = Debug|Any CPU
		Release|Any CPU = Release|Any CPU
	EndGlobalSection
	GlobalSection(ProjectConfigurationPlatforms) = postSolution
		{DC40D3FD-602E-45FF-A347-F70E7D10ACCC}.Debug|Any CPU.ActiveCfg = Debug|Any CPU
		{DC40D3FD-602E-45FF-A347-F70E7D10ACCC}.Debug|Any CPU.Build.0 = Debug|Any CPU
		{DC40D3FD-602E-45FF-A347-F70E7D10ACCC}.Release|Any CPU.ActiveCfg = Release|Any CPU
		{DC40D3FD-602E-45FF-A347-F70E7D10ACCC}.Release|Any CPU.Build.0 = Release|Any CPU
	EndGlobalSection
	GlobalSection(SolutionProperties) = preSolution
		HideSolutionNode = FALSE
	EndGlobalSection
	GlobalSection(ExtensibilityGlobals) = postSolution
		SolutionGuid = {6AB515FB-798A-4A64-9184-03CDB297D1FE}
	EndGlobalSection
EndGlobal
